
Microsoft Visual Studio Solution File, Format Version 12.00
# Visual Studio Version 17
VisualStudioVersion = 17.11.35431.28
MinimumVisualStudioVersion = 10.0.40219.1
Project("{FAE04EC0-301F-11D3-BF4B-00C04F79EFBC}") = "GrpcClient", "GrpcClient\GrpcClient.csproj", "{64F4C084-D797-4C1C-AC42-E5CBDC6E8B44}"
EndProject
Global
	GlobalSection(SolutionConfigurationPlatforms) = preSolution
		Debug|Any CPU = Debug|Any CPU
		Release|Any CPU = Release|Any CPU
	EndGlobalSection
	GlobalSection(ProjectConfigurationPlatforms) = postSolution
		{64F4C084-D797-4C1C-AC42-E5CBDC6E8B44}.Debug|Any CPU.ActiveCfg = Debug|Any CPU
		{64F4C084-D797-4C1C-AC42-E5CBDC6E8B44}.Debug|Any CPU.Build.0 = Debug|Any CPU
		{64F4C084-D797-4C1C-AC42-E5CBDC6E8B44}.Release|Any CPU.ActiveCfg = Release|Any CPU
		{64F4C084-D797-4C1C-AC42-E5CBDC6E8B44}.Release|Any CPU.Build.0 = Release|Any CPU
	EndGlobalSection
	GlobalSection(SolutionProperties) = preSolution
		HideSolutionNode = FALSE
	EndGlobalSection
	GlobalSection(ExtensibilityGlobals) = postSolution
		SolutionGuid = {358D7EFF-8F6D-42ED-B3AB-6761A7BAB4DA}
	EndGlobalSection
EndGlobal
